// !$*UTF8*$!
{
	archiveVersion = 1;
	classes = {
	};
	objectVersion = 56;
	objects = {

/* Begin PBXBuildFile section */
		DE6ED98C28C3D67F002F8995 /* QuickNotes.xcdatamodeld in Sources */ = {isa = PBXBuildFile; fileRef = DE6ED98A28C3D67F002F8995 /* QuickNotes.xcdatamodeld */; };
		DE6ED98E28C3DBE9002F8995 /* QuickNote+CoreDataClass.swift in Sources */ = {isa = PBXBuildFile; fileRef = DE6ED98D28C3DBE9002F8995 /* QuickNote+CoreDataClass.swift */; };
		DE6ED99028C3DD74002F8995 /* PersistenceController.swift in Sources */ = {isa = PBXBuildFile; fileRef = DE6ED98F28C3DD74002F8995 /* PersistenceController.swift */; };
		DEB988C928C445A000776A47 /* QuickNoteEditor.swift in Sources */ = {isa = PBXBuildFile; fileRef = DEB988C828C445A000776A47 /* QuickNoteEditor.swift */; };
		DEE46BA128C326320006987D /* QuickNotesApp.swift in Sources */ = {isa = PBXBuildFile; fileRef = DEE46BA028C326320006987D /* QuickNotesApp.swift */; };
		DEE46BA328C326320006987D /* ContentView.swift in Sources */ = {isa = PBXBuildFile; fileRef = DEE46BA228C326320006987D /* ContentView.swift */; };
		DEE46BA528C326330006987D /* Assets.xcassets in Resources */ = {isa = PBXBuildFile; fileRef = DEE46BA428C326330006987D /* Assets.xcassets */; };
		DEE46BA828C326330006987D /* Preview Assets.xcassets in Resources */ = {isa = PBXBuildFile; fileRef = DEE46BA728C326330006987D /* Preview Assets.xcassets */; };
/* End PBXBuildFile section */

/* Begin PBXFileReference section */
		DE6ED98B28C3D67F002F8995 /* QuickNotes.xcdatamodel */ = {isa = PBXFileReference; lastKnownFileType = wrapper.xcdatamodel; path = QuickNotes.xcdatamodel; sourceTree = "<group>"; };
		DE6ED98D28C3DBE9002F8995 /* QuickNote+CoreDataClass.swift */ = {isa = PBXFileReference; lastKnownFileType = sourcecode.swift; path = "QuickNote+CoreDataClass.swift"; sourceTree = "<group>"; };
		DE6ED98F28C3DD74002F8995 /* PersistenceController.swift */ = {isa = PBXFileReference; lastKnownFileType = sourcecode.swift; path = PersistenceController.swift; sourceTree = "<group>"; };
		DEB988C828C445A000776A47 /* QuickNoteEditor.swift */ = {isa = PBXFileReference; lastKnownFileType = sourcecode.swift; path = QuickNoteEditor.swift; sourceTree = "<group>"; };
		DEE46B9D28C326320006987D /* QuickNotes.app */ = {isa = PBXFileReference; explicitFileType = wrapper.application; includeInIndex = 0; path = QuickNotes.app; sourceTree = BUILT_PRODUCTS_DIR; };
		DEE46BA028C326320006987D /* QuickNotesApp.swift */ = {isa = PBXFileReference; lastKnownFileType = sourcecode.swift; path = QuickNotesApp.swift; sourceTree = "<group>"; };
		DEE46BA228C326320006987D /* ContentView.swift */ = {isa = PBXFileReference; lastKnownFileType = sourcecode.swift; path = ContentView.swift; sourceTree = "<group>"; };
		DEE46BA428C326330006987D /* Assets.xcassets */ = {isa = PBXFileReference; lastKnownFileType = folder.assetcatalog; path = Assets.xcassets; sourceTree = "<group>"; };
		DEE46BA728C326330006987D /* Preview Assets.xcassets */ = {isa = PBXFileReference; lastKnownFileType = folder.assetcatalog; path = "Preview Assets.xcassets"; sourceTree = "<group>"; };
		DEE46BA928C326330006987D /* QuickNotes.entitlements */ = {isa = PBXFileReference; lastKnownFileType = text.plist.entitlements; path = QuickNotes.entitlements; sourceTree = "<group>"; };
/* End PBXFileReference section */

/* Begin PBXFrameworksBuildPhase section */
		DEE46B9A28C326320006987D /* Frameworks */ = {
			isa = PBXFrameworksBuildPhase;
			buildActionMask = 2147483647;
			files = (
			);
			runOnlyForDeploymentPostprocessing = 0;
		};
/* End PBXFrameworksBuildPhase section */

/* Begin PBXGroup section */
		DEE46B9428C326320006987D = {
			isa = PBXGroup;
			children = (
				DE6ED98A28C3D67F002F8995 /* QuickNotes.xcdatamodeld */,
				DEE46B9F28C326320006987D /* QuickNotes */,
				DEE46B9E28C326320006987D /* Products */,
			);
			sourceTree = "<group>";
		};
		DEE46B9E28C326320006987D /* Products */ = {
			isa = PBXGroup;
			children = (
				DEE46B9D28C326320006987D /* QuickNotes.app */,
			);
			name = Products;
			sourceTree = "<group>";
		};
		DEE46B9F28C326320006987D /* QuickNotes */ = {
			isa = PBXGroup;
			children = (
				DEE46BA228C326320006987D /* ContentView.swift */,
				DE6ED98F28C3DD74002F8995 /* PersistenceController.swift */,
				DE6ED98D28C3DBE9002F8995 /* QuickNote+CoreDataClass.swift */,
				DEE46BA028C326320006987D /* QuickNotesApp.swift */,
				DEB988C828C445A000776A47 /* QuickNoteEditor.swift */,
				DEE46BA428C326330006987D /* Assets.xcassets */,
				DEE46BA928C326330006987D /* QuickNotes.entitlements */,
				DEE46BA628C326330006987D /* Preview Content */,
			);
			path = QuickNotes;
			sourceTree = "<group>";
		};
		DEE46BA628C326330006987D /* Preview Content */ = {
			isa = PBXGroup;
			children = (
				DEE46BA728C326330006987D /* Preview Assets.xcassets */,
			);
			path = "Preview Content";
			sourceTree = "<group>";
		};
/* End PBXGroup section */

/* Begin PBXNativeTarget section */
		DEE46B9C28C326320006987D /* QuickNotes */ = {
			isa = PBXNativeTarget;
			buildConfigurationList = DEE46BAC28C326330006987D /* Build configuration list for PBXNativeTarget "QuickNotes" */;
			buildPhases = (
				DEE46B9928C326320006987D /* Sources */,
				DEE46B9A28C326320006987D /* Frameworks */,
				DEE46B9B28C326320006987D /* Resources */,
			);
			buildRules = (
			);
			dependencies = (
			);
			name = QuickNotes;
			productName = QuickNotes;
			productReference = DEE46B9D28C326320006987D /* QuickNotes.app */;
			productType = "com.apple.product-type.application";
		};
/* End PBXNativeTarget section */

/* Begin PBXProject section */
		DEE46B9528C326320006987D /* Project object */ = {
			isa = PBXProject;
			attributes = {
				BuildIndependentTargetsInParallel = 1;
				LastSwiftUpdateCheck = 1400;
				LastUpgradeCheck = 1400;
				TargetAttributes = {
					DEE46B9C28C326320006987D = {
						CreatedOnToolsVersion = 14.0;
					};
				};
			};
			buildConfigurationList = DEE46B9828C326320006987D /* Build configuration list for PBXProject "QuickNotes" */;
			compatibilityVersion = "Xcode 14.0";
			developmentRegion = en;
			hasScannedForEncodings = 0;
			knownRegions = (
				en,
				Base,
			);
			mainGroup = DEE46B9428C326320006987D;
			productRefGroup = DEE46B9E28C326320006987D /* Products */;
			projectDirPath = "";
			projectRoot = "";
			targets = (
				DEE46B9C28C326320006987D /* QuickNotes */,
			);
		};
/* End PBXProject section */

/* Begin PBXResourcesBuildPhase section */
		DEE46B9B28C326320006987D /* Resources */ = {
			isa = PBXResourcesBuildPhase;
			buildActionMask = 2147483647;
			files = (
				DEE46BA828C326330006987D /* Preview Assets.xcassets in Resources */,
				DEE46BA528C326330006987D /* Assets.xcassets in Resources */,
			);
			runOnlyForDeploymentPostprocessing = 0;
		};
/* End PBXResourcesBuildPhase section */

/* Begin PBXSourcesBuildPhase section */
		DEE46B9928C326320006987D /* Sources */ = {
			isa = PBXSourcesBuildPhase;
			buildActionMask = 2147483647;
			files = (
				DEB988C928C445A000776A47 /* QuickNoteEditor.swift in Sources */,
				DEE46BA328C326320006987D /* ContentView.swift in Sources */,
				DE6ED98C28C3D67F002F8995 /* QuickNotes.xcdatamodeld in Sources */,
				DEE46BA128C326320006987D /* QuickNotesApp.swift in Sources */,
				DE6ED98E28C3DBE9002F8995 /* QuickNote+CoreDataClass.swift in Sources */,
				DE6ED99028C3DD74002F8995 /* PersistenceController.swift in Sources */,
			);
			runOnlyForDeploymentPostprocessing = 0;
		};
/* End PBXSourcesBuildPhase section */

/* Begin XCBuildConfiguration section */
		DEE46BAA28C326330006987D /* Debug */ = {
			isa = XCBuildConfiguration;
			buildSettings = {
				ALWAYS_SEARCH_USER_PATHS = NO;
				CLANG_ANALYZER_NONNULL = YES;
				CLANG_ANALYZER_NUMBER_OBJECT_CONVERSION = YES_AGGRESSIVE;
				CLANG_CXX_LANGUAGE_STANDARD = "gnu++20";
				CLANG_ENABLE_MODULES = YES;
				CLANG_ENABLE_OBJC_ARC = YES;
				CLANG_ENABLE_OBJC_WEAK = YES;
				CLANG_WARN_BLOCK_CAPTURE_AUTORELEASING = YES;
				CLANG_WARN_BOOL_CONVERSION = YES;
				CLANG_WARN_COMMA = YES;
				CLANG_WARN_CONSTANT_CONVERSION = YES;
				CLANG_WARN_DEPRECATED_OBJC_IMPLEMENTATIONS = YES;
				CLANG_WARN_DIRECT_OBJC_ISA_USAGE = YES_ERROR;
				CLANG_WARN_DOCUMENTATION_COMMENTS = YES;
				CLANG_WARN_EMPTY_BODY = YES;
				CLANG_WARN_ENUM_CONVERSION = YES;
				CLANG_WARN_INFINITE_RECURSION = YES;
				CLANG_WARN_INT_CONVERSION = YES;
				CLANG_WARN_NON_LITERAL_NULL_CONVERSION = YES;
				CLANG_WARN_OBJC_IMPLICIT_RETAIN_SELF = YES;
				CLANG_WARN_OBJC_LITERAL_CONVERSION = YES;
				CLANG_WARN_OBJC_ROOT_CLASS = YES_ERROR;
				CLANG_WARN_QUOTED_INCLUDE_IN_FRAMEWORK_HEADER = YES;
				CLANG_WARN_RANGE_LOOP_ANALYSIS = YES;
				CLANG_WARN_STRICT_PROTOTYPES = YES;
				CLANG_WARN_SUSPICIOUS_MOVE = YES;
				CLANG_WARN_UNGUARDED_AVAILABILITY = YES_AGGRESSIVE;
				CLANG_WARN_UNREACHABLE_CODE = YES;
				CLANG_WARN__DUPLICATE_METHOD_MATCH = YES;
				COPY_PHASE_STRIP = NO;
				DEBUG_INFORMATION_FORMAT = dwarf;
				ENABLE_STRICT_OBJC_MSGSEND = YES;
				ENABLE_TESTABILITY = YES;
				GCC_C_LANGUAGE_STANDARD = gnu11;
				GCC_DYNAMIC_NO_PIC = NO;
				GCC_NO_COMMON_BLOCKS = YES;
				GCC_OPTIMIZATION_LEVEL = 0;
				GCC_PREPROCESSOR_DEFINITIONS = (
					"DEBUG=1",
					"$(inherited)",
				);
				GCC_WARN_64_TO_32_BIT_CONVERSION = YES;
				GCC_WARN_ABOUT_RETURN_TYPE = YES_ERROR;
				GCC_WARN_UNDECLARED_SELECTOR = YES;
				GCC_WARN_UNINITIALIZED_AUTOS = YES_AGGRESSIVE;
				GCC_WARN_UNUSED_FUNCTION = YES;
				GCC_WARN_UNUSED_VARIABLE = YES;
				MACOSX_DEPLOYMENT_TARGET = 12.5;
				MTL_ENABLE_DEBUG_INFO = INCLUDE_SOURCE;
				MTL_FAST_MATH = YES;
				ONLY_ACTIVE_ARCH = YES;
				SDKROOT = macosx;
				SWIFT_ACTIVE_COMPILATION_CONDITIONS = DEBUG;
				SWIFT_OPTIMIZATION_LEVEL = "-Onone";
			};
			name = Debug;
		};
		DEE46BAB28C326330006987D /* Release */ = {
			isa = XCBuildConfiguration;
			buildSettings = {
				ALWAYS_SEARCH_USER_PATHS = NO;
				CLANG_ANALYZER_NONNULL = YES;
				CLANG_ANALYZER_NUMBER_OBJECT_CONVERSION = YES_AGGRESSIVE;
				CLANG_CXX_LANGUAGE_STANDARD = "gnu++20";
				CLANG_ENABLE_MODULES = YES;
				CLANG_ENABLE_OBJC_ARC = YES;
				CLANG_ENABLE_OBJC_WEAK = YES;
				CLANG_WARN_BLOCK_CAPTURE_AUTORELEASING = YES;
				CLANG_WARN_BOOL_CONVERSION = YES;
				CLANG_WARN_COMMA = YES;
				CLANG_WARN_CONSTANT_CONVERSION = YES;
				CLANG_WARN_DEPRECATED_OBJC_IMPLEMENTATIONS = YES;
				CLANG_WARN_DIRECT_OBJC_ISA_USAGE = YES_ERROR;
				CLANG_WARN_DOCUMENTATION_COMMENTS = YES;
				CLANG_WARN_EMPTY_BODY = YES;
				CLANG_WARN_ENUM_CONVERSION = YES;
				CLANG_WARN_INFINITE_RECURSION = YES;
				CLANG_WARN_INT_CONVERSION = YES;
				CLANG_WARN_NON_LITERAL_NULL_CONVERSION = YES;
				CLANG_WARN_OBJC_IMPLICIT_RETAIN_SELF = YES;
				CLANG_WARN_OBJC_LITERAL_CONVERSION = YES;
				CLANG_WARN_OBJC_ROOT_CLASS = YES_ERROR;
				CLANG_WARN_QUOTED_INCLUDE_IN_FRAMEWORK_HEADER = YES;
				CLANG_WARN_RANGE_LOOP_ANALYSIS = YES;
				CLANG_WARN_STRICT_PROTOTYPES = YES;
				CLANG_WARN_SUSPICIOUS_MOVE = YES;
				CLANG_WARN_UNGUARDED_AVAILABILITY = YES_AGGRESSIVE;
				CLANG_WARN_UNREACHABLE_CODE = YES;
				CLANG_WARN__DUPLICATE_METHOD_MATCH = YES;
				COPY_PHASE_STRIP = NO;
				DEBUG_INFORMATION_FORMAT = "dwarf-with-dsym";
				ENABLE_NS_ASSERTIONS = NO;
				ENABLE_STRICT_OBJC_MSGSEND = YES;
				GCC_C_LANGUAGE_STANDARD = gnu11;
				GCC_NO_COMMON_BLOCKS = YES;
				GCC_WARN_64_TO_32_BIT_CONVERSION = YES;
				GCC_WARN_ABOUT_RETURN_TYPE = YES_ERROR;
				GCC_WARN_UNDECLARED_SELECTOR = YES;
				GCC_WARN_UNINITIALIZED_AUTOS = YES_AGGRESSIVE;
				GCC_WARN_UNUSED_FUNCTION = YES;
				GCC_WARN_UNUSED_VARIABLE = YES;
				MACOSX_DEPLOYMENT_TARGET = 12.5;
				MTL_ENABLE_DEBUG_INFO = NO;
				MTL_FAST_MATH = YES;
				SDKROOT = macosx;
				SWIFT_COMPILATION_MODE = wholemodule;
				SWIFT_OPTIMIZATION_LEVEL = "-O";
			};
			name = Release;
		};
		DEE46BAD28C326330006987D /* Debug */ = {
			isa = XCBuildConfiguration;
			buildSettings = {
				ASSETCATALOG_COMPILER_APPICON_NAME = AppIcon;
				ASSETCATALOG_COMPILER_GLOBAL_ACCENT_COLOR_NAME = AccentColor;
				CODE_SIGN_ENTITLEMENTS = QuickNotes/QuickNotes.entitlements;
				CODE_SIGN_STYLE = Automatic;
				COMBINE_HIDPI_IMAGES = YES;
				CURRENT_PROJECT_VERSION = 1;
				DEVELOPMENT_ASSET_PATHS = "\"QuickNotes/Preview Content\"";
				DEVELOPMENT_TEAM = 83S37YB44H;
				ENABLE_HARDENED_RUNTIME = YES;
				ENABLE_PREVIEWS = YES;
				GENERATE_INFOPLIST_FILE = YES;
				INFOPLIST_KEY_CFBundleDisplayName = QuickNotes;
				INFOPLIST_KEY_LSApplicationCategoryType = "public.app-category.business";
				INFOPLIST_KEY_NSHumanReadableCopyright = "";
				LD_RUNPATH_SEARCH_PATHS = (
					"$(inherited)",
					"@executable_path/../Frameworks",
				);
				MACOSX_DEPLOYMENT_TARGET = 13.0;
				MARKETING_VERSION = 1.0;
				PRODUCT_BUNDLE_IDENTIFIER = dev.xymox.QuickNotes;
				PRODUCT_NAME = "$(TARGET_NAME)";
				SWIFT_EMIT_LOC_STRINGS = YES;
				SWIFT_VERSION = 5.0;
			};
			name = Debug;
		};
		DEE46BAE28C326330006987D /* Release */ = {
			isa = XCBuildConfiguration;
			buildSettings = {
				ASSETCATALOG_COMPILER_APPICON_NAME = AppIcon;
				ASSETCATALOG_COMPILER_GLOBAL_ACCENT_COLOR_NAME = AccentColor;
				CODE_SIGN_ENTITLEMENTS = QuickNotes/QuickNotes.entitlements;
				CODE_SIGN_STYLE = Automatic;
				COMBINE_HIDPI_IMAGES = YES;
				CURRENT_PROJECT_VERSION = 1;
				DEVELOPMENT_ASSET_PATHS = "\"QuickNotes/Preview Content\"";
				DEVELOPMENT_TEAM = 83S37YB44H;
				ENABLE_HARDENED_RUNTIME = YES;
				ENABLE_PREVIEWS = YES;
				GENERATE_INFOPLIST_FILE = YES;
				INFOPLIST_KEY_CFBundleDisplayName = QuickNotes;
				INFOPLIST_KEY_LSApplicationCategoryType = "public.app-category.business";
				INFOPLIST_KEY_NSHumanReadableCopyright = "";
				LD_RUNPATH_SEARCH_PATHS = (
					"$(inherited)",
					"@executable_path/../Frameworks",
				);
				MACOSX_DEPLOYMENT_TARGET = 13.0;
				MARKETING_VERSION = 1.0;
				PRODUCT_BUNDLE_IDENTIFIER = dev.xymox.QuickNotes;
				PRODUCT_NAME = "$(TARGET_NAME)";
				SWIFT_EMIT_LOC_STRINGS = YES;
				SWIFT_VERSION = 5.0;
			};
			name = Release;
		};
/* End XCBuildConfiguration section */

/* Begin XCConfigurationList section */
		DEE46B9828C326320006987D /* Build configuration list for PBXProject "QuickNotes" */ = {
			isa = XCConfigurationList;
			buildConfigurations = (
				DEE46BAA28C326330006987D /* Debug */,
				DEE46BAB28C326330006987D /* Release */,
			);
			defaultConfigurationIsVisible = 0;
			defaultConfigurationName = Release;
		};
		DEE46BAC28C326330006987D /* Build configuration list for PBXNativeTarget "QuickNotes" */ = {
			isa = XCConfigurationList;
			buildConfigurations = (
				DEE46BAD28C326330006987D /* Debug */,
				DEE46BAE28C326330006987D /* Release */,
			);
			defaultConfigurationIsVisible = 0;
			defaultConfigurationName = Release;
		};
/* End XCConfigurationList section */

/* Begin XCVersionGroup section */
		DE6ED98A28C3D67F002F8995 /* QuickNotes.xcdatamodeld */ = {
			isa = XCVersionGroup;
			children = (
				DE6ED98B28C3D67F002F8995 /* QuickNotes.xcdatamodel */,
			);
			currentVersion = DE6ED98B28C3D67F002F8995 /* QuickNotes.xcdatamodel */;
			path = QuickNotes.xcdatamodeld;
			sourceTree = "<group>";
			versionGroupType = wrapper.xcdatamodel;
		};
/* End XCVersionGroup section */
	};
	rootObject = DEE46B9528C326320006987D /* Project object */;
}
